
Microsoft Visual Studio Solution File, Format Version 12.00
# Visual Studio Version 17
VisualStudioVersion = 17.0.31903.59
MinimumVisualStudioVersion = 10.0.40219.1
Project("{2150E333-8FDC-42A3-9474-1A3956D46DE8}") = "demo1", "demo1", "{08681AEE-27D9-4424-90CA-6FE2DDDC330F}"
EndProject
Project("{2150E333-8FDC-42A3-9474-1A3956D46DE8}") = "demo2", "demo2", "{B5665553-9C1D-4E7A-927A-FA3D2FFBCF7B}"
EndProject
Project("{2150E333-8FDC-42A3-9474-1A3956D46DE8}") = "demo3", "demo3", "{DAF6D38A-9488-4E19-A929-76CF966E9C95}"
	ProjectSection(SolutionItems) = preProject
		demo3\Add-Entities.ps1 = demo3\Add-Entities.ps1
		demo3\Setup-Db.ps1 = demo3\Setup-Db.ps1
		demo3\swa-db-connections\staticwebapp.database.config.json = demo3\swa-db-connections\staticwebapp.database.config.json
		demo3\swa-cli.config.json = demo3\swa-cli.config.json
	EndProjectSection
EndProject
Project("{9A19103F-16F7-4668-BE54-9A1E7A4F7556}") = "Demo1.Shared", "demo1\Demo1.Shared\Demo1.Shared.csproj", "{2DB81F48-2D2F-41A1-BE54-0E18A7831F26}"
EndProject
Project("{9A19103F-16F7-4668-BE54-9A1E7A4F7556}") = "Demo1.Client", "demo1\Demo1.Client\Demo1.Client.csproj", "{73C968E7-34B7-4DE5-ADBD-31279E085F13}"
EndProject
Project("{9A19103F-16F7-4668-BE54-9A1E7A4F7556}") = "Demo1.Api", "demo1\Demo1.Api\Demo1.Api.csproj", "{76E9D311-38ED-4485-B3EC-7C062E88893C}"
EndProject
Project("{2150E333-8FDC-42A3-9474-1A3956D46DE8}") = "shared", "shared", "{4FA9211E-7FDB-4393-9F50-D764D1A2A9BB}"
EndProject
Project("{9A19103F-16F7-4668-BE54-9A1E7A4F7556}") = "AzureMeetupMilanoSwa.Data", "AzureMeetupMilanoSwa.Data\AzureMeetupMilanoSwa.Data.csproj", "{11981446-AFC2-4D85-ABD8-5A3607FB3E58}"
EndProject
Project("{2150E333-8FDC-42A3-9474-1A3956D46DE8}") = "sql", "sql", "{3631E145-5BDE-4617-9C14-1AEAA907B671}"
	ProjectSection(SolutionItems) = preProject
		sql\add-meetups.sql = sql\add-meetups.sql
		sql\create-tables.sql = sql\create-tables.sql
		sql\my-meetups-view.sql = sql\my-meetups-view.sql
	EndProjectSection
EndProject
Project("{9A19103F-16F7-4668-BE54-9A1E7A4F7556}") = "Demo2.Api", "demo2\Demo2.Api\Demo2.Api.csproj", "{5DCC074A-CD0B-48F0-852E-6ED03225644E}"
EndProject
Project("{9A19103F-16F7-4668-BE54-9A1E7A4F7556}") = "Demo2.Shared", "demo2\Demo2.Shared\Demo2.Shared.csproj", "{C07102A2-2026-4CBC-9D43-A426D6E93D4B}"
EndProject
Project("{9A19103F-16F7-4668-BE54-9A1E7A4F7556}") = "Demo2.Client", "demo2\Demo2.Client\Demo2.Client.csproj", "{D24448DD-4185-42DE-9609-374D00022B2D}"
EndProject
Project("{9A19103F-16F7-4668-BE54-9A1E7A4F7556}") = "Demo3.Client", "demo3\Demo3.Client\Demo3.Client.csproj", "{E3424242-6C4C-4D39-960D-C2305B7AC1EF}"
EndProject
Global
	GlobalSection(SolutionConfigurationPlatforms) = preSolution
		Debug|Any CPU = Debug|Any CPU
		Release|Any CPU = Release|Any CPU
	EndGlobalSection
	GlobalSection(ProjectConfigurationPlatforms) = postSolution
		{2DB81F48-2D2F-41A1-BE54-0E18A7831F26}.Debug|Any CPU.ActiveCfg = Debug|Any CPU
		{2DB81F48-2D2F-41A1-BE54-0E18A7831F26}.Debug|Any CPU.Build.0 = Debug|Any CPU
		{2DB81F48-2D2F-41A1-BE54-0E18A7831F26}.Release|Any CPU.ActiveCfg = Release|Any CPU
		{2DB81F48-2D2F-41A1-BE54-0E18A7831F26}.Release|Any CPU.Build.0 = Release|Any CPU
		{73C968E7-34B7-4DE5-ADBD-31279E085F13}.Debug|Any CPU.ActiveCfg = Debug|Any CPU
		{73C968E7-34B7-4DE5-ADBD-31279E085F13}.Debug|Any CPU.Build.0 = Debug|Any CPU
		{73C968E7-34B7-4DE5-ADBD-31279E085F13}.Release|Any CPU.ActiveCfg = Release|Any CPU
		{73C968E7-34B7-4DE5-ADBD-31279E085F13}.Release|Any CPU.Build.0 = Release|Any CPU
		{76E9D311-38ED-4485-B3EC-7C062E88893C}.Debug|Any CPU.ActiveCfg = Debug|Any CPU
		{76E9D311-38ED-4485-B3EC-7C062E88893C}.Debug|Any CPU.Build.0 = Debug|Any CPU
		{76E9D311-38ED-4485-B3EC-7C062E88893C}.Release|Any CPU.ActiveCfg = Release|Any CPU
		{76E9D311-38ED-4485-B3EC-7C062E88893C}.Release|Any CPU.Build.0 = Release|Any CPU
		{11981446-AFC2-4D85-ABD8-5A3607FB3E58}.Debug|Any CPU.ActiveCfg = Debug|Any CPU
		{11981446-AFC2-4D85-ABD8-5A3607FB3E58}.Debug|Any CPU.Build.0 = Debug|Any CPU
		{11981446-AFC2-4D85-ABD8-5A3607FB3E58}.Release|Any CPU.ActiveCfg = Release|Any CPU
		{11981446-AFC2-4D85-ABD8-5A3607FB3E58}.Release|Any CPU.Build.0 = Release|Any CPU
		{5DCC074A-CD0B-48F0-852E-6ED03225644E}.Debug|Any CPU.ActiveCfg = Debug|Any CPU
		{5DCC074A-CD0B-48F0-852E-6ED03225644E}.Debug|Any CPU.Build.0 = Debug|Any CPU
		{5DCC074A-CD0B-48F0-852E-6ED03225644E}.Release|Any CPU.ActiveCfg = Release|Any CPU
		{5DCC074A-CD0B-48F0-852E-6ED03225644E}.Release|Any CPU.Build.0 = Release|Any CPU
		{C07102A2-2026-4CBC-9D43-A426D6E93D4B}.Debug|Any CPU.ActiveCfg = Debug|Any CPU
		{C07102A2-2026-4CBC-9D43-A426D6E93D4B}.Debug|Any CPU.Build.0 = Debug|Any CPU
		{C07102A2-2026-4CBC-9D43-A426D6E93D4B}.Release|Any CPU.ActiveCfg = Release|Any CPU
		{C07102A2-2026-4CBC-9D43-A426D6E93D4B}.Release|Any CPU.Build.0 = Release|Any CPU
		{D24448DD-4185-42DE-9609-374D00022B2D}.Debug|Any CPU.ActiveCfg = Debug|Any CPU
		{D24448DD-4185-42DE-9609-374D00022B2D}.Debug|Any CPU.Build.0 = Debug|Any CPU
		{D24448DD-4185-42DE-9609-374D00022B2D}.Release|Any CPU.ActiveCfg = Release|Any CPU
		{D24448DD-4185-42DE-9609-374D00022B2D}.Release|Any CPU.Build.0 = Release|Any CPU
		{E3424242-6C4C-4D39-960D-C2305B7AC1EF}.Debug|Any CPU.ActiveCfg = Debug|Any CPU
		{E3424242-6C4C-4D39-960D-C2305B7AC1EF}.Debug|Any CPU.Build.0 = Debug|Any CPU
		{E3424242-6C4C-4D39-960D-C2305B7AC1EF}.Release|Any CPU.ActiveCfg = Release|Any CPU
		{E3424242-6C4C-4D39-960D-C2305B7AC1EF}.Release|Any CPU.Build.0 = Release|Any CPU
	EndGlobalSection
	GlobalSection(SolutionProperties) = preSolution
		HideSolutionNode = FALSE
	EndGlobalSection
	GlobalSection(NestedProjects) = preSolution
		{2DB81F48-2D2F-41A1-BE54-0E18A7831F26} = {08681AEE-27D9-4424-90CA-6FE2DDDC330F}
		{73C968E7-34B7-4DE5-ADBD-31279E085F13} = {08681AEE-27D9-4424-90CA-6FE2DDDC330F}
		{76E9D311-38ED-4485-B3EC-7C062E88893C} = {08681AEE-27D9-4424-90CA-6FE2DDDC330F}
		{11981446-AFC2-4D85-ABD8-5A3607FB3E58} = {4FA9211E-7FDB-4393-9F50-D764D1A2A9BB}
		{5DCC074A-CD0B-48F0-852E-6ED03225644E} = {B5665553-9C1D-4E7A-927A-FA3D2FFBCF7B}
		{C07102A2-2026-4CBC-9D43-A426D6E93D4B} = {B5665553-9C1D-4E7A-927A-FA3D2FFBCF7B}
		{D24448DD-4185-42DE-9609-374D00022B2D} = {B5665553-9C1D-4E7A-927A-FA3D2FFBCF7B}
		{E3424242-6C4C-4D39-960D-C2305B7AC1EF} = {DAF6D38A-9488-4E19-A929-76CF966E9C95}
	EndGlobalSection
	GlobalSection(ExtensibilityGlobals) = postSolution
		SolutionGuid = {36365AAB-9807-4CF7-9D07-E9D2DFF38DBF}
	EndGlobalSection
EndGlobal
