
Microsoft Visual Studio Solution File, Format Version 12.00
# Visual Studio Version 17
VisualStudioVersion = 17.0.31903.59
MinimumVisualStudioVersion = 10.0.40219.1
Project("{2150E333-8FDC-42A3-9474-1A3956D46DE8}") = "src", "src", "{79717DAB-3D1F-4D8D-9152-BE359234DD01}"
EndProject
Project("{9A19103F-16F7-4668-BE54-9A1E7A4F7556}") = "BlazorUIWars.Core", "src\BlazorUIWars.Core\BlazorUIWars.Core.csproj", "{66212C81-0A84-42F0-A47F-EFAB97627C4A}"
EndProject
Project("{2150E333-8FDC-42A3-9474-1A3956D46DE8}") = "MudBlazor", "MudBlazor", "{0D7BCDB4-BF73-4A36-B973-A647469A2FD7}"
EndProject
Project("{2150E333-8FDC-42A3-9474-1A3956D46DE8}") = "FluentUI", "FluentUI", "{E930869A-DE4F-4EC3-B346-36327462F2B9}"
EndProject
Project("{9A19103F-16F7-4668-BE54-9A1E7A4F7556}") = "BlazorUIWars.MudBlazorApp", "src\BlazorUIWars.MudBlazorApp\BlazorUIWars.MudBlazorApp.csproj", "{069221A0-5E70-41F4-84A0-37E13E471DAC}"
EndProject
Project("{9A19103F-16F7-4668-BE54-9A1E7A4F7556}") = "BlazorUIWars.FluentUIApp", "src\BlazorUIWars.FluentUIApp\BlazorUIWars.FluentUIApp.csproj", "{207D19F0-C4A0-473F-B9DC-6D3ED31BD7E9}"
EndProject
Project("{FAE04EC0-301F-11D3-BF4B-00C04F79EFBC}") = "BlazorUIWars.App", "src\BlazorUIWars.App\BlazorUIWars.App.csproj", "{8C279258-7646-4063-BE52-B82E1EA8673F}"
EndProject
Global
	GlobalSection(SolutionConfigurationPlatforms) = preSolution
		Debug|Any CPU = Debug|Any CPU
		Release|Any CPU = Release|Any CPU
	EndGlobalSection
	GlobalSection(ProjectConfigurationPlatforms) = postSolution
		{66212C81-0A84-42F0-A47F-EFAB97627C4A}.Debug|Any CPU.ActiveCfg = Debug|Any CPU
		{66212C81-0A84-42F0-A47F-EFAB97627C4A}.Debug|Any CPU.Build.0 = Debug|Any CPU
		{66212C81-0A84-42F0-A47F-EFAB97627C4A}.Release|Any CPU.ActiveCfg = Release|Any CPU
		{66212C81-0A84-42F0-A47F-EFAB97627C4A}.Release|Any CPU.Build.0 = Release|Any CPU
		{069221A0-5E70-41F4-84A0-37E13E471DAC}.Debug|Any CPU.ActiveCfg = Debug|Any CPU
		{069221A0-5E70-41F4-84A0-37E13E471DAC}.Debug|Any CPU.Build.0 = Debug|Any CPU
		{069221A0-5E70-41F4-84A0-37E13E471DAC}.Release|Any CPU.ActiveCfg = Release|Any CPU
		{069221A0-5E70-41F4-84A0-37E13E471DAC}.Release|Any CPU.Build.0 = Release|Any CPU
		{207D19F0-C4A0-473F-B9DC-6D3ED31BD7E9}.Debug|Any CPU.ActiveCfg = Debug|Any CPU
		{207D19F0-C4A0-473F-B9DC-6D3ED31BD7E9}.Debug|Any CPU.Build.0 = Debug|Any CPU
		{207D19F0-C4A0-473F-B9DC-6D3ED31BD7E9}.Release|Any CPU.ActiveCfg = Release|Any CPU
		{207D19F0-C4A0-473F-B9DC-6D3ED31BD7E9}.Release|Any CPU.Build.0 = Release|Any CPU
		{8C279258-7646-4063-BE52-B82E1EA8673F}.Debug|Any CPU.ActiveCfg = Debug|Any CPU
		{8C279258-7646-4063-BE52-B82E1EA8673F}.Debug|Any CPU.Build.0 = Debug|Any CPU
		{8C279258-7646-4063-BE52-B82E1EA8673F}.Release|Any CPU.ActiveCfg = Release|Any CPU
		{8C279258-7646-4063-BE52-B82E1EA8673F}.Release|Any CPU.Build.0 = Release|Any CPU
	EndGlobalSection
	GlobalSection(SolutionProperties) = preSolution
		HideSolutionNode = FALSE
	EndGlobalSection
	GlobalSection(NestedProjects) = preSolution
		{66212C81-0A84-42F0-A47F-EFAB97627C4A} = {79717DAB-3D1F-4D8D-9152-BE359234DD01}
		{0D7BCDB4-BF73-4A36-B973-A647469A2FD7} = {79717DAB-3D1F-4D8D-9152-BE359234DD01}
		{E930869A-DE4F-4EC3-B346-36327462F2B9} = {79717DAB-3D1F-4D8D-9152-BE359234DD01}
		{069221A0-5E70-41F4-84A0-37E13E471DAC} = {0D7BCDB4-BF73-4A36-B973-A647469A2FD7}
		{207D19F0-C4A0-473F-B9DC-6D3ED31BD7E9} = {E930869A-DE4F-4EC3-B346-36327462F2B9}
		{8C279258-7646-4063-BE52-B82E1EA8673F} = {79717DAB-3D1F-4D8D-9152-BE359234DD01}
	EndGlobalSection
	GlobalSection(ExtensibilityGlobals) = postSolution
		SolutionGuid = {B4701C7B-0D02-4DF0-ACF6-ACC295D4F47B}
	EndGlobalSection
EndGlobal
