
Microsoft Visual Studio Solution File, Format Version 12.00
# Visual Studio Version 17
VisualStudioVersion = 17.0.31903.59
MinimumVisualStudioVersion = 10.0.40219.1
Project("{FAE04EC0-301F-11D3-BF4B-00C04F79EFBC}") = "SmartSearches.Web", "SmartSearches.Web\SmartSearches.Web.csproj", "{6C2975BD-E410-46D2-A8AB-14813737CAA5}"
EndProject
Project("{FAE04EC0-301F-11D3-BF4B-00C04F79EFBC}") = "SmartSearches.ChatApp", "SmartSearches.ChatApp\SmartSearches.ChatApp.csproj", "{7CDADF0E-2E25-8FC6-FFDE-C0A463012396}"
EndProject
Global
	GlobalSection(SolutionConfigurationPlatforms) = preSolution
		Debug|Any CPU = Debug|Any CPU
		Release|Any CPU = Release|Any CPU
	EndGlobalSection
	GlobalSection(ProjectConfigurationPlatforms) = postSolution
		{6C2975BD-E410-46D2-A8AB-14813737CAA5}.Debug|Any CPU.ActiveCfg = Debug|Any CPU
		{6C2975BD-E410-46D2-A8AB-14813737CAA5}.Debug|Any CPU.Build.0 = Debug|Any CPU
		{6C2975BD-E410-46D2-A8AB-14813737CAA5}.Release|Any CPU.ActiveCfg = Release|Any CPU
		{6C2975BD-E410-46D2-A8AB-14813737CAA5}.Release|Any CPU.Build.0 = Release|Any CPU
		{7CDADF0E-2E25-8FC6-FFDE-C0A463012396}.Debug|Any CPU.ActiveCfg = Debug|Any CPU
		{7CDADF0E-2E25-8FC6-FFDE-C0A463012396}.Debug|Any CPU.Build.0 = Debug|Any CPU
		{7CDADF0E-2E25-8FC6-FFDE-C0A463012396}.Release|Any CPU.ActiveCfg = Release|Any CPU
		{7CDADF0E-2E25-8FC6-FFDE-C0A463012396}.Release|Any CPU.Build.0 = Release|Any CPU
	EndGlobalSection
	GlobalSection(SolutionProperties) = preSolution
		HideSolutionNode = FALSE
	EndGlobalSection
	GlobalSection(ExtensibilityGlobals) = postSolution
		SolutionGuid = {03FC5C94-B9AA-462D-A484-127FFF4AD595}
	EndGlobalSection
EndGlobal
